
Microsoft Visual Studio Solution File, Format Version 12.00
# Visual Studio Version 16
VisualStudioVersion = 16.0.31321.278
MinimumVisualStudioVersion = 10.0.40219.1
Project("{FAE04EC0-301F-11D3-BF4B-00C04F79EFBC}") = "Class training", "Class training\Class training.csproj", "{1CEDFFBD-9EC1-45D0-A742-4ACD523CD01A}"
EndProject
Global
	GlobalSection(SolutionConfigurationPlatforms) = preSolution
		Debug|Any CPU = Debug|Any CPU
		Release|Any CPU = Release|Any CPU
	EndGlobalSection
	GlobalSection(ProjectConfigurationPlatforms) = postSolution
		{1CEDFFBD-9EC1-45D0-A742-4ACD523CD01A}.Debug|Any CPU.ActiveCfg = Debug|Any CPU
		{1CEDFFBD-9EC1-45D0-A742-4ACD523CD01A}.Debug|Any CPU.Build.0 = Debug|Any CPU
		{1CEDFFBD-9EC1-45D0-A742-4ACD523CD01A}.Release|Any CPU.ActiveCfg = Release|Any CPU
		{1CEDFFBD-9EC1-45D0-A742-4ACD523CD01A}.Release|Any CPU.Build.0 = Release|Any CPU
	EndGlobalSection
	GlobalSection(SolutionProperties) = preSolution
		HideSolutionNode = FALSE
	EndGlobalSection
	GlobalSection(ExtensibilityGlobals) = postSolution
		SolutionGuid = {BB4EF16D-2733-4ADD-9647-2321B5670272}
	EndGlobalSection
EndGlobal
